
Microsoft Visual Studio Solution File, Format Version 12.00
# Visual Studio Version 16
VisualStudioVersion = 16.0.31911.196
MinimumVisualStudioVersion = 10.0.40219.1
Project("{FAE04EC0-301F-11D3-BF4B-00C04F79EFBC}") = "MobilFinalYD.Android", "MobilFinalYD\MobilFinalYD.Android\MobilFinalYD.Android.csproj", "{99EDCE8E-77CF-4B4D-913F-415A75916BCF}"
EndProject
Project("{FAE04EC0-301F-11D3-BF4B-00C04F79EFBC}") = "MobilFinalYD.iOS", "MobilFinalYD\MobilFinalYD.iOS\MobilFinalYD.iOS.csproj", "{70E787BF-0FB8-4951-ACDB-BF110A798272}"
EndProject
Project("{FAE04EC0-301F-11D3-BF4B-00C04F79EFBC}") = "MobilFinalYD", "MobilFinalYD\MobilFinalYD\MobilFinalYD.csproj", "{C232FED7-D961-46EE-A049-28F3D2055457}"
EndProject
Global
	GlobalSection(SolutionConfigurationPlatforms) = preSolution
		Debug|Any CPU = Debug|Any CPU
		Debug|iPhone = Debug|iPhone
		Debug|iPhoneSimulator = Debug|iPhoneSimulator
		Release|Any CPU = Release|Any CPU
		Release|iPhone = Release|iPhone
		Release|iPhoneSimulator = Release|iPhoneSimulator
	EndGlobalSection
	GlobalSection(ProjectConfigurationPlatforms) = postSolution
		{99EDCE8E-77CF-4B4D-913F-415A75916BCF}.Debug|Any CPU.ActiveCfg = Debug|Any CPU
		{99EDCE8E-77CF-4B4D-913F-415A75916BCF}.Debug|Any CPU.Build.0 = Debug|Any CPU
		{99EDCE8E-77CF-4B4D-913F-415A75916BCF}.Debug|Any CPU.Deploy.0 = Debug|Any CPU
		{99EDCE8E-77CF-4B4D-913F-415A75916BCF}.Debug|iPhone.ActiveCfg = Debug|Any CPU
		{99EDCE8E-77CF-4B4D-913F-415A75916BCF}.Debug|iPhone.Build.0 = Debug|Any CPU
		{99EDCE8E-77CF-4B4D-913F-415A75916BCF}.Debug|iPhone.Deploy.0 = Debug|Any CPU
		{99EDCE8E-77CF-4B4D-913F-415A75916BCF}.Debug|iPhoneSimulator.ActiveCfg = Debug|Any CPU
		{99EDCE8E-77CF-4B4D-913F-415A75916BCF}.Debug|iPhoneSimulator.Build.0 = Debug|Any CPU
		{99EDCE8E-77CF-4B4D-913F-415A75916BCF}.Debug|iPhoneSimulator.Deploy.0 = Debug|Any CPU
		{99EDCE8E-77CF-4B4D-913F-415A75916BCF}.Release|Any CPU.ActiveCfg = Release|Any CPU
		{99EDCE8E-77CF-4B4D-913F-415A75916BCF}.Release|Any CPU.Build.0 = Release|Any CPU
		{99EDCE8E-77CF-4B4D-913F-415A75916BCF}.Release|Any CPU.Deploy.0 = Release|Any CPU
		{99EDCE8E-77CF-4B4D-913F-415A75916BCF}.Release|iPhone.ActiveCfg = Release|Any CPU
		{99EDCE8E-77CF-4B4D-913F-415A75916BCF}.Release|iPhone.Build.0 = Release|Any CPU
		{99EDCE8E-77CF-4B4D-913F-415A75916BCF}.Release|iPhone.Deploy.0 = Release|Any CPU
		{99EDCE8E-77CF-4B4D-913F-415A75916BCF}.Release|iPhoneSimulator.ActiveCfg = Release|Any CPU
		{99EDCE8E-77CF-4B4D-913F-415A75916BCF}.Release|iPhoneSimulator.Build.0 = Release|Any CPU
		{99EDCE8E-77CF-4B4D-913F-415A75916BCF}.Release|iPhoneSimulator.Deploy.0 = Release|Any CPU
		{70E787BF-0FB8-4951-ACDB-BF110A798272}.Debug|Any CPU.ActiveCfg = Debug|iPhone
		{70E787BF-0FB8-4951-ACDB-BF110A798272}.Debug|Any CPU.Build.0 = Debug|iPhone
		{70E787BF-0FB8-4951-ACDB-BF110A798272}.Debug|Any CPU.Deploy.0 = Debug|iPhone
		{70E787BF-0FB8-4951-ACDB-BF110A798272}.Debug|iPhone.ActiveCfg = Debug|iPhone
		{70E787BF-0FB8-4951-ACDB-BF110A798272}.Debug|iPhone.Build.0 = Debug|iPhone
		{70E787BF-0FB8-4951-ACDB-BF110A798272}.Debug|iPhone.Deploy.0 = Debug|iPhone
		{70E787BF-0FB8-4951-ACDB-BF110A798272}.Debug|iPhoneSimulator.ActiveCfg = Debug|iPhoneSimulator
		{70E787BF-0FB8-4951-ACDB-BF110A798272}.Debug|iPhoneSimulator.Build.0 = Debug|iPhoneSimulator
		{70E787BF-0FB8-4951-ACDB-BF110A798272}.Debug|iPhoneSimulator.Deploy.0 = Debug|iPhoneSimulator
		{70E787BF-0FB8-4951-ACDB-BF110A798272}.Release|Any CPU.ActiveCfg = Release|iPhoneSimulator
		{70E787BF-0FB8-4951-ACDB-BF110A798272}.Release|Any CPU.Build.0 = Release|iPhoneSimulator
		{70E787BF-0FB8-4951-ACDB-BF110A798272}.Release|Any CPU.Deploy.0 = Release|iPhoneSimulator
		{70E787BF-0FB8-4951-ACDB-BF110A798272}.Release|iPhone.ActiveCfg = Release|iPhone
		{70E787BF-0FB8-4951-ACDB-BF110A798272}.Release|iPhone.Build.0 = Release|iPhone
		{70E787BF-0FB8-4951-ACDB-BF110A798272}.Release|iPhone.Deploy.0 = Release|iPhone
		{70E787BF-0FB8-4951-ACDB-BF110A798272}.Release|iPhoneSimulator.ActiveCfg = Release|iPhoneSimulator
		{70E787BF-0FB8-4951-ACDB-BF110A798272}.Release|iPhoneSimulator.Build.0 = Release|iPhoneSimulator
		{70E787BF-0FB8-4951-ACDB-BF110A798272}.Release|iPhoneSimulator.Deploy.0 = Release|iPhoneSimulator
		{C232FED7-D961-46EE-A049-28F3D2055457}.Debug|Any CPU.ActiveCfg = Debug|Any CPU
		{C232FED7-D961-46EE-A049-28F3D2055457}.Debug|Any CPU.Build.0 = Debug|Any CPU
		{C232FED7-D961-46EE-A049-28F3D2055457}.Debug|Any CPU.Deploy.0 = Debug|Any CPU
		{C232FED7-D961-46EE-A049-28F3D2055457}.Debug|iPhone.ActiveCfg = Debug|Any CPU
		{C232FED7-D961-46EE-A049-28F3D2055457}.Debug|iPhone.Build.0 = Debug|Any CPU
		{C232FED7-D961-46EE-A049-28F3D2055457}.Debug|iPhone.Deploy.0 = Debug|Any CPU
		{C232FED7-D961-46EE-A049-28F3D2055457}.Debug|iPhoneSimulator.ActiveCfg = Debug|Any CPU
		{C232FED7-D961-46EE-A049-28F3D2055457}.Debug|iPhoneSimulator.Build.0 = Debug|Any CPU
		{C232FED7-D961-46EE-A049-28F3D2055457}.Debug|iPhoneSimulator.Deploy.0 = Debug|Any CPU
		{C232FED7-D961-46EE-A049-28F3D2055457}.Release|Any CPU.ActiveCfg = Release|Any CPU
		{C232FED7-D961-46EE-A049-28F3D2055457}.Release|Any CPU.Build.0 = Release|Any CPU
		{C232FED7-D961-46EE-A049-28F3D2055457}.Release|Any CPU.Deploy.0 = Release|Any CPU
		{C232FED7-D961-46EE-A049-28F3D2055457}.Release|iPhone.ActiveCfg = Release|Any CPU
		{C232FED7-D961-46EE-A049-28F3D2055457}.Release|iPhone.Build.0 = Release|Any CPU
		{C232FED7-D961-46EE-A049-28F3D2055457}.Release|iPhone.Deploy.0 = Release|Any CPU
		{C232FED7-D961-46EE-A049-28F3D2055457}.Release|iPhoneSimulator.ActiveCfg = Release|Any CPU
		{C232FED7-D961-46EE-A049-28F3D2055457}.Release|iPhoneSimulator.Build.0 = Release|Any CPU
		{C232FED7-D961-46EE-A049-28F3D2055457}.Release|iPhoneSimulator.Deploy.0 = Release|Any CPU
	EndGlobalSection
	GlobalSection(SolutionProperties) = preSolution
		HideSolutionNode = FALSE
	EndGlobalSection
	GlobalSection(ExtensibilityGlobals) = postSolution
		SolutionGuid = {93E49CEA-1B4B-4392-8E6D-0151C5F6A593}
	EndGlobalSection
EndGlobal
